// !$*UTF8*$!
{
	archiveVersion = 1;
	classes = {
	};
	objectVersion = 46;
	objects = {

/* Begin PBXBuildFile section */
		C0A8F61C66C7C0887A6D07F9 /* Pods_Flicks.framework in Frameworks */ = {isa = PBXBuildFile; fileRef = 7D6EBC81600EE68E393070D3 /* Pods_Flicks.framework */; };
		D0555F171C3BBF8800630BA5 /* AppDelegate.swift in Sources */ = {isa = PBXBuildFile; fileRef = D0555F161C3BBF8800630BA5 /* AppDelegate.swift */; };
		D0555F1C1C3BBF8800630BA5 /* Main.storyboard in Resources */ = {isa = PBXBuildFile; fileRef = D0555F1A1C3BBF8800630BA5 /* Main.storyboard */; };
		D0555F1E1C3BBF8800630BA5 /* Assets.xcassets in Resources */ = {isa = PBXBuildFile; fileRef = D0555F1D1C3BBF8800630BA5 /* Assets.xcassets */; };
		D0555F211C3BBF8800630BA5 /* LaunchScreen.storyboard in Resources */ = {isa = PBXBuildFile; fileRef = D0555F1F1C3BBF8800630BA5 /* LaunchScreen.storyboard */; };
		D0555F291C3BC04E00630BA5 /* MoviesViewController.swift in Sources */ = {isa = PBXBuildFile; fileRef = D0555F281C3BC04E00630BA5 /* MoviesViewController.swift */; };
		D0555F2C1C3BCEB000630BA5 /* MovieCell.swift in Sources */ = {isa = PBXBuildFile; fileRef = D0555F2B1C3BCEB000630BA5 /* MovieCell.swift */; };
		D0CD872D1C48687B005AB75D /* DetailViewController.swift in Sources */ = {isa = PBXBuildFile; fileRef = D0CD872C1C48687B005AB75D /* DetailViewController.swift */; };
/* End PBXBuildFile section */

/* Begin PBXFileReference section */
		6A36149A29E8BFDBEC855678 /* Pods-Flicks.release.xcconfig */ = {isa = PBXFileReference; includeInIndex = 1; lastKnownFileType = text.xcconfig; name = "Pods-Flicks.release.xcconfig"; path = "Pods/Target Support Files/Pods-Flicks/Pods-Flicks.release.xcconfig"; sourceTree = "<group>"; };
		7D6EBC81600EE68E393070D3 /* Pods_Flicks.framework */ = {isa = PBXFileReference; explicitFileType = wrapper.framework; includeInIndex = 0; path = Pods_Flicks.framework; sourceTree = BUILT_PRODUCTS_DIR; };
		D0555F131C3BBF8800630BA5 /* Flicks.app */ = {isa = PBXFileReference; explicitFileType = wrapper.application; includeInIndex = 0; path = Flicks.app; sourceTree = BUILT_PRODUCTS_DIR; };
		D0555F161C3BBF8800630BA5 /* AppDelegate.swift */ = {isa = PBXFileReference; lastKnownFileType = sourcecode.swift; path = AppDelegate.swift; sourceTree = "<group>"; };
		D0555F1B1C3BBF8800630BA5 /* Base */ = {isa = PBXFileReference; lastKnownFileType = file.storyboard; name = Base; path = Base.lproj/Main.storyboard; sourceTree = "<group>"; };
		D0555F1D1C3BBF8800630BA5 /* Assets.xcassets */ = {isa = PBXFileReference; lastKnownFileType = folder.assetcatalog; path = Assets.xcassets; sourceTree = "<group>"; };
		D0555F201C3BBF8800630BA5 /* Base */ = {isa = PBXFileReference; lastKnownFileType = file.storyboard; name = Base; path = Base.lproj/LaunchScreen.storyboard; sourceTree = "<group>"; };
		D0555F221C3BBF8800630BA5 /* Info.plist */ = {isa = PBXFileReference; lastKnownFileType = text.plist.xml; path = Info.plist; sourceTree = "<group>"; };
		D0555F281C3BC04E00630BA5 /* MoviesViewController.swift */ = {isa = PBXFileReference; fileEncoding = 4; lastKnownFileType = sourcecode.swift; path = MoviesViewController.swift; sourceTree = "<group>"; };
		D0555F2B1C3BCEB000630BA5 /* MovieCell.swift */ = {isa = PBXFileReference; fileEncoding = 4; lastKnownFileType = sourcecode.swift; path = MovieCell.swift; sourceTree = "<group>"; };
		D0CD872C1C48687B005AB75D /* DetailViewController.swift */ = {isa = PBXFileReference; fileEncoding = 4; lastKnownFileType = sourcecode.swift; path = DetailViewController.swift; sourceTree = "<group>"; };
		D5789B546EF02BEE1F9D5EF3 /* Pods-Flicks.debug.xcconfig */ = {isa = PBXFileReference; includeInIndex = 1; lastKnownFileType = text.xcconfig; name = "Pods-Flicks.debug.xcconfig"; path = "Pods/Target Support Files/Pods-Flicks/Pods-Flicks.debug.xcconfig"; sourceTree = "<group>"; };
/* End PBXFileReference section */

/* Begin PBXFrameworksBuildPhase section */
		D0555F101C3BBF8800630BA5 /* Frameworks */ = {
			isa = PBXFrameworksBuildPhase;
			buildActionMask = 2147483647;
			files = (
				C0A8F61C66C7C0887A6D07F9 /* Pods_Flicks.framework in Frameworks */,
			);
			runOnlyForDeploymentPostprocessing = 0;
		};
/* End PBXFrameworksBuildPhase section */

/* Begin PBXGroup section */
		78BA343B3CF28718BF891E99 /* Frameworks */ = {
			isa = PBXGroup;
			children = (
				7D6EBC81600EE68E393070D3 /* Pods_Flicks.framework */,
			);
			name = Frameworks;
			sourceTree = "<group>";
		};
		D0555F0A1C3BBF8800630BA5 = {
			isa = PBXGroup;
			children = (
				D0555F151C3BBF8800630BA5 /* Flicks */,
				D0555F141C3BBF8800630BA5 /* Products */,
				E7723CC39439A7D75E22A2CA /* Pods */,
				78BA343B3CF28718BF891E99 /* Frameworks */,
			);
			sourceTree = "<group>";
		};
		D0555F141C3BBF8800630BA5 /* Products */ = {
			isa = PBXGroup;
			children = (
				D0555F131C3BBF8800630BA5 /* Flicks.app */,
			);
			name = Products;
			sourceTree = "<group>";
		};
		D0555F151C3BBF8800630BA5 /* Flicks */ = {
			isa = PBXGroup;
			children = (
				D0555F2D1C3BCEB600630BA5 /* view controllers */,
				D0555F2A1C3BCE7700630BA5 /* Views */,
				D0555F161C3BBF8800630BA5 /* AppDelegate.swift */,
				D0555F1A1C3BBF8800630BA5 /* Main.storyboard */,
				D0555F1D1C3BBF8800630BA5 /* Assets.xcassets */,
				D0555F1F1C3BBF8800630BA5 /* LaunchScreen.storyboard */,
				D0555F221C3BBF8800630BA5 /* Info.plist */,
			);
			path = Flicks;
			sourceTree = "<group>";
		};
		D0555F2A1C3BCE7700630BA5 /* Views */ = {
			isa = PBXGroup;
			children = (
				D0555F2B1C3BCEB000630BA5 /* MovieCell.swift */,
			);
			name = Views;
			sourceTree = "<group>";
		};
		D0555F2D1C3BCEB600630BA5 /* view controllers */ = {
			isa = PBXGroup;
			children = (
				D0555F281C3BC04E00630BA5 /* MoviesViewController.swift */,
				D0CD872C1C48687B005AB75D /* DetailViewController.swift */,
			);
			name = "view controllers";
			sourceTree = "<group>";
		};
		E7723CC39439A7D75E22A2CA /* Pods */ = {
			isa = PBXGroup;
			children = (
				D5789B546EF02BEE1F9D5EF3 /* Pods-Flicks.debug.xcconfig */,
				6A36149A29E8BFDBEC855678 /* Pods-Flicks.release.xcconfig */,
			);
			name = Pods;
			sourceTree = "<group>";
		};
/* End PBXGroup section */

/* Begin PBXNativeTarget section */
		D0555F121C3BBF8800630BA5 /* Flicks */ = {
			isa = PBXNativeTarget;
			buildConfigurationList = D0555F251C3BBF8800630BA5 /* Build configuration list for PBXNativeTarget "Flicks" */;
			buildPhases = (
				B6E07B8ED88BBE650D67ACD3 /* Check Pods Manifest.lock */,
				D0555F0F1C3BBF8800630BA5 /* Sources */,
				D0555F101C3BBF8800630BA5 /* Frameworks */,
				D0555F111C3BBF8800630BA5 /* Resources */,
				5D7819B65FDFFEDE72D7BEBA /* Embed Pods Frameworks */,
				2CA3A100E19C01ED1B52C28F /* Copy Pods Resources */,
			);
			buildRules = (
			);
			dependencies = (
			);
			name = Flicks;
			productName = Flicks;
			productReference = D0555F131C3BBF8800630BA5 /* Flicks.app */;
			productType = "com.apple.product-type.application";
		};
/* End PBXNativeTarget section */

/* Begin PBXProject section */
		D0555F0B1C3BBF8800630BA5 /* Project object */ = {
			isa = PBXProject;
			attributes = {
				LastSwiftUpdateCheck = 0710;
				LastUpgradeCheck = 0710;
				ORGANIZATIONNAME = horizon;
				TargetAttributes = {
					D0555F121C3BBF8800630BA5 = {
						CreatedOnToolsVersion = 7.1.1;
						DevelopmentTeam = FD4JZGW3KV;
					};
				};
			};
			buildConfigurationList = D0555F0E1C3BBF8800630BA5 /* Build configuration list for PBXProject "Flicks" */;
			compatibilityVersion = "Xcode 3.2";
			developmentRegion = English;
			hasScannedForEncodings = 0;
			knownRegions = (
				en,
				Base,
			);
			mainGroup = D0555F0A1C3BBF8800630BA5;
			productRefGroup = D0555F141C3BBF8800630BA5 /* Products */;
			projectDirPath = "";
			projectRoot = "";
			targets = (
				D0555F121C3BBF8800630BA5 /* Flicks */,
			);
		};
/* End PBXProject section */

/* Begin PBXResourcesBuildPhase section */
		D0555F111C3BBF8800630BA5 /* Resources */ = {
			isa = PBXResourcesBuildPhase;
			buildActionMask = 2147483647;
			files = (
				D0555F211C3BBF8800630BA5 /* LaunchScreen.storyboard in Resources */,
				D0555F1E1C3BBF8800630BA5 /* Assets.xcassets in Resources */,
				D0555F1C1C3BBF8800630BA5 /* Main.storyboard in Resources */,
			);
			runOnlyForDeploymentPostprocessing = 0;
		};
/* End PBXResourcesBuildPhase section */

/* Begin PBXShellScriptBuildPhase section */
		2CA3A100E19C01ED1B52C28F /* Copy Pods Resources */ = {
			isa = PBXShellScriptBuildPhase;
			buildActionMask = 2147483647;
			files = (
			);
			inputPaths = (
			);
			name = "Copy Pods Resources";
			outputPaths = (
			);
			runOnlyForDeploymentPostprocessing = 0;
			shellPath = /bin/sh;
			shellScript = "\"${SRCROOT}/Pods/Target Support Files/Pods-Flicks/Pods-Flicks-resources.sh\"\n";
			showEnvVarsInLog = 0;
		};
		5D7819B65FDFFEDE72D7BEBA /* Embed Pods Frameworks */ = {
			isa = PBXShellScriptBuildPhase;
			buildActionMask = 2147483647;
			files = (
			);
			inputPaths = (
			);
			name = "Embed Pods Frameworks";
			outputPaths = (
			);
			runOnlyForDeploymentPostprocessing = 0;
			shellPath = /bin/sh;
			shellScript = "\"${SRCROOT}/Pods/Target Support Files/Pods-Flicks/Pods-Flicks-frameworks.sh\"\n";
			showEnvVarsInLog = 0;
		};
		B6E07B8ED88BBE650D67ACD3 /* Check Pods Manifest.lock */ = {
			isa = PBXShellScriptBuildPhase;
			buildActionMask = 2147483647;
			files = (
			);
			inputPaths = (
			);
			name = "Check Pods Manifest.lock";
			outputPaths = (
			);
			runOnlyForDeploymentPostprocessing = 0;
			shellPath = /bin/sh;
			shellScript = "diff \"${PODS_ROOT}/../Podfile.lock\" \"${PODS_ROOT}/Manifest.lock\" > /dev/null\nif [[ $? != 0 ]] ; then\n    cat << EOM\nerror: The sandbox is not in sync with the Podfile.lock. Run 'pod install' or update your CocoaPods installation.\nEOM\n    exit 1\nfi\n";
			showEnvVarsInLog = 0;
		};
/* End PBXShellScriptBuildPhase section */

/* Begin PBXSourcesBuildPhase section */
		D0555F0F1C3BBF8800630BA5 /* Sources */ = {
			isa = PBXSourcesBuildPhase;
			buildActionMask = 2147483647;
			files = (
				D0555F171C3BBF8800630BA5 /* AppDelegate.swift in Sources */,
				D0555F291C3BC04E00630BA5 /* MoviesViewController.swift in Sources */,
				D0555F2C1C3BCEB000630BA5 /* MovieCell.swift in Sources */,
				D0CD872D1C48687B005AB75D /* DetailViewController.swift in Sources */,
			);
			runOnlyForDeploymentPostprocessing = 0;
		};
/* End PBXSourcesBuildPhase section */

/* Begin PBXVariantGroup section */
		D0555F1A1C3BBF8800630BA5 /* Main.storyboard */ = {
			isa = PBXVariantGroup;
			children = (
				D0555F1B1C3BBF8800630BA5 /* Base */,
			);
			name = Main.storyboard;
			sourceTree = "<group>";
		};
		D0555F1F1C3BBF8800630BA5 /* LaunchScreen.storyboard */ = {
			isa = PBXVariantGroup;
			children = (
				D0555F201C3BBF8800630BA5 /* Base */,
			);
			name = LaunchScreen.storyboard;
			sourceTree = "<group>";
		};
/* End PBXVariantGroup section */

/* Begin XCBuildConfiguration section */
		D0555F231C3BBF8800630BA5 /* Debug */ = {
			isa = XCBuildConfiguration;
			buildSettings = {
				ALWAYS_SEARCH_USER_PATHS = NO;
				CLANG_CXX_LANGUAGE_STANDARD = "gnu++0x";
				CLANG_CXX_LIBRARY = "libc++";
				CLANG_ENABLE_MODULES = YES;
				CLANG_ENABLE_OBJC_ARC = YES;
				CLANG_WARN_BOOL_CONVERSION = YES;
				CLANG_WARN_CONSTANT_CONVERSION = YES;
				CLANG_WARN_DIRECT_OBJC_ISA_USAGE = YES_ERROR;
				CLANG_WARN_EMPTY_BODY = YES;
				CLANG_WARN_ENUM_CONVERSION = YES;
				CLANG_WARN_INT_CONVERSION = YES;
				CLANG_WARN_OBJC_ROOT_CLASS = YES_ERROR;
				CLANG_WARN_UNREACHABLE_CODE = YES;
				CLANG_WARN__DUPLICATE_METHOD_MATCH = YES;
				"CODE_SIGN_IDENTITY[sdk=iphoneos*]" = "iPhone Developer";
				COPY_PHASE_STRIP = NO;
				DEBUG_INFORMATION_FORMAT = dwarf;
				ENABLE_STRICT_OBJC_MSGSEND = YES;
				ENABLE_TESTABILITY = YES;
				GCC_C_LANGUAGE_STANDARD = gnu99;
				GCC_DYNAMIC_NO_PIC = NO;
				GCC_NO_COMMON_BLOCKS = YES;
				GCC_OPTIMIZATION_LEVEL = 0;
				GCC_PREPROCESSOR_DEFINITIONS = (
					"DEBUG=1",
					"$(inherited)",
				);
				GCC_WARN_64_TO_32_BIT_CONVERSION = YES;
				GCC_WARN_ABOUT_RETURN_TYPE = YES_ERROR;
				GCC_WARN_UNDECLARED_SELECTOR = YES;
				GCC_WARN_UNINITIALIZED_AUTOS = YES_AGGRESSIVE;
				GCC_WARN_UNUSED_FUNCTION = YES;
				GCC_WARN_UNUSED_VARIABLE = YES;
				IPHONEOS_DEPLOYMENT_TARGET = 9.1;
				MTL_ENABLE_DEBUG_INFO = YES;
				ONLY_ACTIVE_ARCH = YES;
				SDKROOT = iphoneos;
				SWIFT_OPTIMIZATION_LEVEL = "-Onone";
			};
			name = Debug;
		};
		D0555F241C3BBF8800630BA5 /* Release */ = {
			isa = XCBuildConfiguration;
			buildSettings = {
				ALWAYS_SEARCH_USER_PATHS = NO;
				CLANG_CXX_LANGUAGE_STANDARD = "gnu++0x";
				CLANG_CXX_LIBRARY = "libc++";
				CLANG_ENABLE_MODULES = YES;
				CLANG_ENABLE_OBJC_ARC = YES;
				CLANG_WARN_BOOL_CONVERSION = YES;
				CLANG_WARN_CONSTANT_CONVERSION = YES;
				CLANG_WARN_DIRECT_OBJC_ISA_USAGE = YES_ERROR;
				CLANG_WARN_EMPTY_BODY = YES;
				CLANG_WARN_ENUM_CONVERSION = YES;
				CLANG_WARN_INT_CONVERSION = YES;
				CLANG_WARN_OBJC_ROOT_CLASS = YES_ERROR;
				CLANG_WARN_UNREACHABLE_CODE = YES;
				CLANG_WARN__DUPLICATE_METHOD_MATCH = YES;
				"CODE_SIGN_IDENTITY[sdk=iphoneos*]" = "iPhone Developer";
				COPY_PHASE_STRIP = NO;
				DEBUG_INFORMATION_FORMAT = "dwarf-with-dsym";
				ENABLE_NS_ASSERTIONS = NO;
				ENABLE_STRICT_OBJC_MSGSEND = YES;
				GCC_C_LANGUAGE_STANDARD = gnu99;
				GCC_NO_COMMON_BLOCKS = YES;
				GCC_WARN_64_TO_32_BIT_CONVERSION = YES;
				GCC_WARN_ABOUT_RETURN_TYPE = YES_ERROR;
				GCC_WARN_UNDECLARED_SELECTOR = YES;
				GCC_WARN_UNINITIALIZED_AUTOS = YES_AGGRESSIVE;
				GCC_WARN_UNUSED_FUNCTION = YES;
				GCC_WARN_UNUSED_VARIABLE = YES;
				IPHONEOS_DEPLOYMENT_TARGET = 9.1;
				MTL_ENABLE_DEBUG_INFO = NO;
				SDKROOT = iphoneos;
				VALIDATE_PRODUCT = YES;
			};
			name = Release;
		};
		D0555F261C3BBF8800630BA5 /* Debug */ = {
			isa = XCBuildConfiguration;
			baseConfigurationReference = D5789B546EF02BEE1F9D5EF3 /* Pods-Flicks.debug.xcconfig */;
			buildSettings = {
				ASSETCATALOG_COMPILER_APPICON_NAME = AppIcon;
				INFOPLIST_FILE = Flicks/Info.plist;
				LD_RUNPATH_SEARCH_PATHS = "$(inherited) @executable_path/Frameworks";
				PRODUCT_BUNDLE_IDENTIFIER = com.horizon.Flicks;
				PRODUCT_NAME = "$(TARGET_NAME)";
			};
			name = Debug;
		};
		D0555F271C3BBF8800630BA5 /* Release */ = {
			isa = XCBuildConfiguration;
			baseConfigurationReference = 6A36149A29E8BFDBEC855678 /* Pods-Flicks.release.xcconfig */;
			buildSettings = {
				ASSETCATALOG_COMPILER_APPICON_NAME = AppIcon;
				INFOPLIST_FILE = Flicks/Info.plist;
				LD_RUNPATH_SEARCH_PATHS = "$(inherited) @executable_path/Frameworks";
				PRODUCT_BUNDLE_IDENTIFIER = com.horizon.Flicks;
				PRODUCT_NAME = "$(TARGET_NAME)";
			};
			name = Release;
		};
/* End XCBuildConfiguration section */

/* Begin XCConfigurationList section */
		D0555F0E1C3BBF8800630BA5 /* Build configuration list for PBXProject "Flicks" */ = {
			isa = XCConfigurationList;
			buildConfigurations = (
				D0555F231C3BBF8800630BA5 /* Debug */,
				D0555F241C3BBF8800630BA5 /* Release */,
			);
			defaultConfigurationIsVisible = 0;
			defaultConfigurationName = Release;
		};
		D0555F251C3BBF8800630BA5 /* Build configuration list for PBXNativeTarget "Flicks" */ = {
			isa = XCConfigurationList;
			buildConfigurations = (
				D0555F261C3BBF8800630BA5 /* Debug */,
				D0555F271C3BBF8800630BA5 /* Release */,
			);
			defaultConfigurationIsVisible = 0;
			defaultConfigurationName = Release;
		};
/* End XCConfigurationList section */
	};
	rootObject = D0555F0B1C3BBF8800630BA5 /* Project object */;
}
